// !$*UTF8*$!
{
	archiveVersion = 1;
	classes = {
	};
	objectVersion = 46;
	objects = {

/* Begin PBXBuildFile section */
		CF28AE4F1F0CB45800B04D39 /* main.cpp in Sources */ = {isa = PBXBuildFile; fileRef = CF28AE4E1F0CB45800B04D39 /* main.cpp */; };
		CF28AF121F0CB5AB00B04D39 /* libz.tbd in Frameworks */ = {isa = PBXBuildFile; fileRef = CF28AF111F0CB5AB00B04D39 /* libz.tbd */; };
		CFDDF4FC20B3F685008965E6 /* libgene.a in Frameworks */ = {isa = PBXBuildFile; fileRef = CFDDF4FB20B3F684008965E6 /* libgene.a */; };
/* End PBXBuildFile section */

/* Begin PBXCopyFilesBuildPhase section */
		CF28AE491F0CB45800B04D39 /* CopyFiles */ = {
			isa = PBXCopyFilesBuildPhase;
			buildActionMask = 2147483647;
			dstPath = /usr/share/man/man1/;
			dstSubfolderSpec = 0;
			files = (
			);
			runOnlyForDeploymentPostprocessing = 1;
		};
/* End PBXCopyFilesBuildPhase section */

/* Begin PBXFileReference section */
		CF28AE4B1F0CB45800B04D39 /* module_overlap */ = {isa = PBXFileReference; explicitFileType = "compiled.mach-o.executable"; includeInIndex = 0; path = module_overlap; sourceTree = BUILT_PRODUCTS_DIR; };
		CF28AE4E1F0CB45800B04D39 /* main.cpp */ = {isa = PBXFileReference; lastKnownFileType = sourcecode.cpp.cpp; path = main.cpp; sourceTree = "<group>"; };
		CF28AF111F0CB5AB00B04D39 /* libz.tbd */ = {isa = PBXFileReference; lastKnownFileType = "sourcecode.text-based-dylib-definition"; name = libz.tbd; path = usr/lib/libz.tbd; sourceTree = SDKROOT; };
		CF28AF131F0CB5C500B04D39 /* Help.hpp */ = {isa = PBXFileReference; lastKnownFileType = sourcecode.cpp.h; path = Help.hpp; sourceTree = "<group>"; };
		CF28AF151F0CD02400B04D39 /* OverlapCalculator.hpp */ = {isa = PBXFileReference; fileEncoding = 4; lastKnownFileType = sourcecode.cpp.h; path = OverlapCalculator.hpp; sourceTree = "<group>"; };
		CFDDF4FB20B3F684008965E6 /* libgene.a */ = {isa = PBXFileReference; lastKnownFileType = archive.ar; name = libgene.a; path = ../libgene/lib/libgene.a; sourceTree = "<group>"; };
/* End PBXFileReference section */

/* Begin PBXFrameworksBuildPhase section */
		CF28AE481F0CB45800B04D39 /* Frameworks */ = {
			isa = PBXFrameworksBuildPhase;
			buildActionMask = 2147483647;
			files = (
				CFDDF4FC20B3F685008965E6 /* libgene.a in Frameworks */,
				CF28AF121F0CB5AB00B04D39 /* libz.tbd in Frameworks */,
			);
			runOnlyForDeploymentPostprocessing = 0;
		};
/* End PBXFrameworksBuildPhase section */

/* Begin PBXGroup section */
		CF28AE421F0CB45800B04D39 = {
			isa = PBXGroup;
			children = (
				CF28AE4D1F0CB45800B04D39 /* module_overlap */,
				CF28AE4C1F0CB45800B04D39 /* Products */,
				CF28AF101F0CB5AB00B04D39 /* Frameworks */,
			);
			sourceTree = "<group>";
		};
		CF28AE4C1F0CB45800B04D39 /* Products */ = {
			isa = PBXGroup;
			children = (
				CF28AE4B1F0CB45800B04D39 /* module_overlap */,
			);
			name = Products;
			sourceTree = "<group>";
		};
		CF28AE4D1F0CB45800B04D39 /* module_overlap */ = {
			isa = PBXGroup;
			children = (
				CF28AE4E1F0CB45800B04D39 /* main.cpp */,
				CF28AF131F0CB5C500B04D39 /* Help.hpp */,
				CF28AF151F0CD02400B04D39 /* OverlapCalculator.hpp */,
			);
			path = module_overlap;
			sourceTree = "<group>";
		};
		CF28AF101F0CB5AB00B04D39 /* Frameworks */ = {
			isa = PBXGroup;
			children = (
				CFDDF4FB20B3F684008965E6 /* libgene.a */,
				CF28AF111F0CB5AB00B04D39 /* libz.tbd */,
			);
			name = Frameworks;
			sourceTree = "<group>";
		};
/* End PBXGroup section */

/* Begin PBXNativeTarget section */
		CF28AE4A1F0CB45800B04D39 /* module_overlap */ = {
			isa = PBXNativeTarget;
			buildConfigurationList = CF28AE521F0CB45800B04D39 /* Build configuration list for PBXNativeTarget "module_overlap" */;
			buildPhases = (
				CF28AE471F0CB45800B04D39 /* Sources */,
				CF28AE481F0CB45800B04D39 /* Frameworks */,
				CF28AE491F0CB45800B04D39 /* CopyFiles */,
			);
			buildRules = (
			);
			dependencies = (
			);
			name = module_overlap;
			productName = module_overlap;
			productReference = CF28AE4B1F0CB45800B04D39 /* module_overlap */;
			productType = "com.apple.product-type.tool";
		};
/* End PBXNativeTarget section */

/* Begin PBXProject section */
		CF28AE431F0CB45800B04D39 /* Project object */ = {
			isa = PBXProject;
			attributes = {
				LastUpgradeCheck = 0930;
				ORGANIZATIONNAME = "Frangou Lab";
				TargetAttributes = {
					CF28AE4A1F0CB45800B04D39 = {
						CreatedOnToolsVersion = 8.3.3;
						DevelopmentTeam = NHY33MD999;
						ProvisioningStyle = Automatic;
					};
				};
			};
			buildConfigurationList = CF28AE461F0CB45800B04D39 /* Build configuration list for PBXProject "module_overlap" */;
			compatibilityVersion = "Xcode 3.2";
			developmentRegion = English;
			hasScannedForEncodings = 0;
			knownRegions = (
				en,
			);
			mainGroup = CF28AE421F0CB45800B04D39;
			productRefGroup = CF28AE4C1F0CB45800B04D39 /* Products */;
			projectDirPath = "";
			projectRoot = "";
			targets = (
				CF28AE4A1F0CB45800B04D39 /* module_overlap */,
			);
		};
/* End PBXProject section */

/* Begin PBXSourcesBuildPhase section */
		CF28AE471F0CB45800B04D39 /* Sources */ = {
			isa = PBXSourcesBuildPhase;
			buildActionMask = 2147483647;
			files = (
				CF28AE4F1F0CB45800B04D39 /* main.cpp in Sources */,
			);
			runOnlyForDeploymentPostprocessing = 0;
		};
/* End PBXSourcesBuildPhase section */

/* Begin XCBuildConfiguration section */
		CF28AE501F0CB45800B04D39 /* Debug */ = {
			isa = XCBuildConfiguration;
			buildSettings = {
				ALWAYS_SEARCH_USER_PATHS = NO;
				CLANG_ANALYZER_NONNULL = YES;
				CLANG_ANALYZER_NUMBER_OBJECT_CONVERSION = YES_AGGRESSIVE;
				CLANG_CXX_LANGUAGE_STANDARD = "gnu++0x";
				CLANG_CXX_LIBRARY = "libc++";
				CLANG_ENABLE_MODULES = YES;
				CLANG_ENABLE_OBJC_ARC = YES;
				CLANG_WARN_BLOCK_CAPTURE_AUTORELEASING = YES;
				CLANG_WARN_BOOL_CONVERSION = YES;
				CLANG_WARN_COMMA = YES;
				CLANG_WARN_CONSTANT_CONVERSION = YES;
				CLANG_WARN_DEPRECATED_OBJC_IMPLEMENTATIONS = YES;
				CLANG_WARN_DIRECT_OBJC_ISA_USAGE = YES_ERROR;
				CLANG_WARN_DOCUMENTATION_COMMENTS = YES;
				CLANG_WARN_EMPTY_BODY = YES;
				CLANG_WARN_ENUM_CONVERSION = YES;
				CLANG_WARN_INFINITE_RECURSION = YES;
				CLANG_WARN_INT_CONVERSION = YES;
				CLANG_WARN_NON_LITERAL_NULL_CONVERSION = YES;
				CLANG_WARN_OBJC_IMPLICIT_RETAIN_SELF = YES;
				CLANG_WARN_OBJC_LITERAL_CONVERSION = YES;
				CLANG_WARN_OBJC_ROOT_CLASS = YES_ERROR;
				CLANG_WARN_RANGE_LOOP_ANALYSIS = YES;
				CLANG_WARN_STRICT_PROTOTYPES = YES;
				CLANG_WARN_SUSPICIOUS_MOVE = YES;
				CLANG_WARN_UNREACHABLE_CODE = YES;
				CLANG_WARN__DUPLICATE_METHOD_MATCH = YES;
				CODE_SIGN_IDENTITY = "-";
				COPY_PHASE_STRIP = NO;
				DEBUG_INFORMATION_FORMAT = dwarf;
				ENABLE_STRICT_OBJC_MSGSEND = YES;
				ENABLE_TESTABILITY = YES;
				GCC_C_LANGUAGE_STANDARD = gnu99;
				GCC_DYNAMIC_NO_PIC = NO;
				GCC_NO_COMMON_BLOCKS = YES;
				GCC_OPTIMIZATION_LEVEL = 0;
				GCC_PREPROCESSOR_DEFINITIONS = (
					"DEBUG=1",
					"$(inherited)",
				);
				GCC_WARN_64_TO_32_BIT_CONVERSION = YES;
				GCC_WARN_ABOUT_RETURN_TYPE = YES_ERROR;
				GCC_WARN_UNDECLARED_SELECTOR = YES;
				GCC_WARN_UNINITIALIZED_AUTOS = YES_AGGRESSIVE;
				GCC_WARN_UNUSED_FUNCTION = YES;
				GCC_WARN_UNUSED_VARIABLE = YES;
				MACOSX_DEPLOYMENT_TARGET = 10.12;
				MTL_ENABLE_DEBUG_INFO = YES;
				ONLY_ACTIVE_ARCH = YES;
				SDKROOT = macosx;
			};
			name = Debug;
		};
		CF28AE511F0CB45800B04D39 /* Release */ = {
			isa = XCBuildConfiguration;
			buildSettings = {
				ALWAYS_SEARCH_USER_PATHS = NO;
				CLANG_ANALYZER_NONNULL = YES;
				CLANG_ANALYZER_NUMBER_OBJECT_CONVERSION = YES_AGGRESSIVE;
				CLANG_CXX_LANGUAGE_STANDARD = "gnu++0x";
				CLANG_CXX_LIBRARY = "libc++";
				CLANG_ENABLE_MODULES = YES;
				CLANG_ENABLE_OBJC_ARC = YES;
				CLANG_WARN_BLOCK_CAPTURE_AUTORELEASING = YES;
				CLANG_WARN_BOOL_CONVERSION = YES;
				CLANG_WARN_COMMA = YES;
				CLANG_WARN_CONSTANT_CONVERSION = YES;
				CLANG_WARN_DEPRECATED_OBJC_IMPLEMENTATIONS = YES;
				CLANG_WARN_DIRECT_OBJC_ISA_USAGE = YES_ERROR;
				CLANG_WARN_DOCUMENTATION_COMMENTS = YES;
				CLANG_WARN_EMPTY_BODY = YES;
				CLANG_WARN_ENUM_CONVERSION = YES;
				CLANG_WARN_INFINITE_RECURSION = YES;
				CLANG_WARN_INT_CONVERSION = YES;
				CLANG_WARN_NON_LITERAL_NULL_CONVERSION = YES;
				CLANG_WARN_OBJC_IMPLICIT_RETAIN_SELF = YES;
				CLANG_WARN_OBJC_LITERAL_CONVERSION = YES;
				CLANG_WARN_OBJC_ROOT_CLASS = YES_ERROR;
				CLANG_WARN_RANGE_LOOP_ANALYSIS = YES;
				CLANG_WARN_STRICT_PROTOTYPES = YES;
				CLANG_WARN_SUSPICIOUS_MOVE = YES;
				CLANG_WARN_UNREACHABLE_CODE = YES;
				CLANG_WARN__DUPLICATE_METHOD_MATCH = YES;
				CODE_SIGN_IDENTITY = "-";
				COPY_PHASE_STRIP = NO;
				DEBUG_INFORMATION_FORMAT = "dwarf-with-dsym";
				ENABLE_NS_ASSERTIONS = NO;
				ENABLE_STRICT_OBJC_MSGSEND = YES;
				GCC_C_LANGUAGE_STANDARD = gnu99;
				GCC_NO_COMMON_BLOCKS = YES;
				GCC_WARN_64_TO_32_BIT_CONVERSION = YES;
				GCC_WARN_ABOUT_RETURN_TYPE = YES_ERROR;
				GCC_WARN_UNDECLARED_SELECTOR = YES;
				GCC_WARN_UNINITIALIZED_AUTOS = YES_AGGRESSIVE;
				GCC_WARN_UNUSED_FUNCTION = YES;
				GCC_WARN_UNUSED_VARIABLE = YES;
				MACOSX_DEPLOYMENT_TARGET = 10.12;
				MTL_ENABLE_DEBUG_INFO = NO;
				SDKROOT = macosx;
			};
			name = Release;
		};
		CF28AE531F0CB45800B04D39 /* Debug */ = {
			isa = XCBuildConfiguration;
			buildSettings = {
				CLANG_CXX_LANGUAGE_STANDARD = "c++17";
				CLANG_X86_VECTOR_INSTRUCTIONS = avx;
				DEVELOPMENT_TEAM = NHY33MD999;
				GCC_C_LANGUAGE_STANDARD = c11;
				GCC_ENABLE_CPP_RTTI = NO;
				HEADER_SEARCH_PATHS = $SRCROOT/../libgene/include;
				LIBRARY_SEARCH_PATHS = $SRCROOT/../libgene/lib;
				LLVM_LTO = YES_THIN;
				MACOSX_DEPLOYMENT_TARGET = 10.13;
				PRODUCT_NAME = "$(TARGET_NAME)";
			};
			name = Debug;
		};
		CF28AE541F0CB45800B04D39 /* Release */ = {
			isa = XCBuildConfiguration;
			buildSettings = {
				CLANG_CXX_LANGUAGE_STANDARD = "c++17";
				CLANG_X86_VECTOR_INSTRUCTIONS = avx;
				DEVELOPMENT_TEAM = NHY33MD999;
				GCC_C_LANGUAGE_STANDARD = c11;
				GCC_ENABLE_CPP_RTTI = NO;
				GCC_OPTIMIZATION_LEVEL = 3;
				HEADER_SEARCH_PATHS = $SRCROOT/../libgene/include;
				LIBRARY_SEARCH_PATHS = $SRCROOT/../libgene/lib;
				LLVM_LTO = YES_THIN;
				MACOSX_DEPLOYMENT_TARGET = 10.13;
				MTL_ENABLE_DEBUG_INFO = YES;
				PRODUCT_NAME = "$(TARGET_NAME)";
			};
			name = Release;
		};
/* End XCBuildConfiguration section */

/* Begin XCConfigurationList section */
		CF28AE461F0CB45800B04D39 /* Build configuration list for PBXProject "module_overlap" */ = {
			isa = XCConfigurationList;
			buildConfigurations = (
				CF28AE501F0CB45800B04D39 /* Debug */,
				CF28AE511F0CB45800B04D39 /* Release */,
			);
			defaultConfigurationIsVisible = 0;
			defaultConfigurationName = Release;
		};
		CF28AE521F0CB45800B04D39 /* Build configuration list for PBXNativeTarget "module_overlap" */ = {
			isa = XCConfigurationList;
			buildConfigurations = (
				CF28AE531F0CB45800B04D39 /* Debug */,
				CF28AE541F0CB45800B04D39 /* Release */,
			);
			defaultConfigurationIsVisible = 0;
			defaultConfigurationName = Release;
		};
/* End XCConfigurationList section */
	};
	rootObject = CF28AE431F0CB45800B04D39 /* Project object */;
}
